// !$*UTF8*$!
{
	archiveVersion = 1;
	classes = {
	};
	objectVersion = 46;
	objects = {

/* Begin PBXBuildFile section */
		9C6C8C0D21B1CDE300CADE42 /* AppDelegate.swift in Sources */ = {isa = PBXBuildFile; fileRef = 9C6C8C0C21B1CDE300CADE42 /* AppDelegate.swift */; };
		9C6C8C0F21B1CDE300CADE42 /* ViewController.swift in Sources */ = {isa = PBXBuildFile; fileRef = 9C6C8C0E21B1CDE300CADE42 /* ViewController.swift */; };
		9C6C8C1221B1CDE300CADE42 /* Main.storyboard in Resources */ = {isa = PBXBuildFile; fileRef = 9C6C8C1021B1CDE300CADE42 /* Main.storyboard */; };
		9C6C8C1421B1CDE300CADE42 /* Assets.xcassets in Resources */ = {isa = PBXBuildFile; fileRef = 9C6C8C1321B1CDE300CADE42 /* Assets.xcassets */; };
		9C6C8C1721B1CDE300CADE42 /* LaunchScreen.storyboard in Resources */ = {isa = PBXBuildFile; fileRef = 9C6C8C1521B1CDE300CADE42 /* LaunchScreen.storyboard */; };
		9C6C8C2221B1CDE400CADE42 /* UberTests.swift in Sources */ = {isa = PBXBuildFile; fileRef = 9C6C8C2121B1CDE400CADE42 /* UberTests.swift */; };
		9C6C8C2D21B1CDE400CADE42 /* UberUITests.swift in Sources */ = {isa = PBXBuildFile; fileRef = 9C6C8C2C21B1CDE400CADE42 /* UberUITests.swift */; };
/* End PBXBuildFile section */

/* Begin PBXContainerItemProxy section */
		9C6C8C1E21B1CDE400CADE42 /* PBXContainerItemProxy */ = {
			isa = PBXContainerItemProxy;
			containerPortal = 9C6C8C0121B1CDE300CADE42 /* Project object */;
			proxyType = 1;
			remoteGlobalIDString = 9C6C8C0821B1CDE300CADE42;
			remoteInfo = Uber;
		};
		9C6C8C2921B1CDE400CADE42 /* PBXContainerItemProxy */ = {
			isa = PBXContainerItemProxy;
			containerPortal = 9C6C8C0121B1CDE300CADE42 /* Project object */;
			proxyType = 1;
			remoteGlobalIDString = 9C6C8C0821B1CDE300CADE42;
			remoteInfo = Uber;
		};
/* End PBXContainerItemProxy section */

/* Begin PBXFileReference section */
		9C6C8C0921B1CDE300CADE42 /* Uber.app */ = {isa = PBXFileReference; explicitFileType = wrapper.application; includeInIndex = 0; path = Uber.app; sourceTree = BUILT_PRODUCTS_DIR; };
		9C6C8C0C21B1CDE300CADE42 /* AppDelegate.swift */ = {isa = PBXFileReference; lastKnownFileType = sourcecode.swift; path = AppDelegate.swift; sourceTree = "<group>"; };
		9C6C8C0E21B1CDE300CADE42 /* ViewController.swift */ = {isa = PBXFileReference; lastKnownFileType = sourcecode.swift; path = ViewController.swift; sourceTree = "<group>"; };
		9C6C8C1121B1CDE300CADE42 /* Base */ = {isa = PBXFileReference; lastKnownFileType = file.storyboard; name = Base; path = Base.lproj/Main.storyboard; sourceTree = "<group>"; };
		9C6C8C1321B1CDE300CADE42 /* Assets.xcassets */ = {isa = PBXFileReference; lastKnownFileType = folder.assetcatalog; path = Assets.xcassets; sourceTree = "<group>"; };
		9C6C8C1621B1CDE300CADE42 /* Base */ = {isa = PBXFileReference; lastKnownFileType = file.storyboard; name = Base; path = Base.lproj/LaunchScreen.storyboard; sourceTree = "<group>"; };
		9C6C8C1821B1CDE400CADE42 /* Info.plist */ = {isa = PBXFileReference; lastKnownFileType = text.plist.xml; path = Info.plist; sourceTree = "<group>"; };
		9C6C8C1D21B1CDE400CADE42 /* UberTests.xctest */ = {isa = PBXFileReference; explicitFileType = wrapper.cfbundle; includeInIndex = 0; path = UberTests.xctest; sourceTree = BUILT_PRODUCTS_DIR; };
		9C6C8C2121B1CDE400CADE42 /* UberTests.swift */ = {isa = PBXFileReference; lastKnownFileType = sourcecode.swift; path = UberTests.swift; sourceTree = "<group>"; };
		9C6C8C2321B1CDE400CADE42 /* Info.plist */ = {isa = PBXFileReference; lastKnownFileType = text.plist.xml; path = Info.plist; sourceTree = "<group>"; };
		9C6C8C2821B1CDE400CADE42 /* UberUITests.xctest */ = {isa = PBXFileReference; explicitFileType = wrapper.cfbundle; includeInIndex = 0; path = UberUITests.xctest; sourceTree = BUILT_PRODUCTS_DIR; };
		9C6C8C2C21B1CDE400CADE42 /* UberUITests.swift */ = {isa = PBXFileReference; lastKnownFileType = sourcecode.swift; path = UberUITests.swift; sourceTree = "<group>"; };
		9C6C8C2E21B1CDE400CADE42 /* Info.plist */ = {isa = PBXFileReference; lastKnownFileType = text.plist.xml; path = Info.plist; sourceTree = "<group>"; };
/* End PBXFileReference section */

/* Begin PBXFrameworksBuildPhase section */
		9C6C8C0621B1CDE300CADE42 /* Frameworks */ = {
			isa = PBXFrameworksBuildPhase;
			buildActionMask = 2147483647;
			files = (
			);
			runOnlyForDeploymentPostprocessing = 0;
		};
		9C6C8C1A21B1CDE400CADE42 /* Frameworks */ = {
			isa = PBXFrameworksBuildPhase;
			buildActionMask = 2147483647;
			files = (
			);
			runOnlyForDeploymentPostprocessing = 0;
		};
		9C6C8C2521B1CDE400CADE42 /* Frameworks */ = {
			isa = PBXFrameworksBuildPhase;
			buildActionMask = 2147483647;
			files = (
			);
			runOnlyForDeploymentPostprocessing = 0;
		};
/* End PBXFrameworksBuildPhase section */

/* Begin PBXGroup section */
		9C6C8C0021B1CDE300CADE42 = {
			isa = PBXGroup;
			children = (
				9C6C8C0B21B1CDE300CADE42 /* Uber */,
				9C6C8C2021B1CDE400CADE42 /* UberTests */,
				9C6C8C2B21B1CDE400CADE42 /* UberUITests */,
				9C6C8C0A21B1CDE300CADE42 /* Products */,
			);
			sourceTree = "<group>";
		};
		9C6C8C0A21B1CDE300CADE42 /* Products */ = {
			isa = PBXGroup;
			children = (
				9C6C8C0921B1CDE300CADE42 /* Uber.app */,
				9C6C8C1D21B1CDE400CADE42 /* UberTests.xctest */,
				9C6C8C2821B1CDE400CADE42 /* UberUITests.xctest */,
			);
			name = Products;
			sourceTree = "<group>";
		};
		9C6C8C0B21B1CDE300CADE42 /* Uber */ = {
			isa = PBXGroup;
			children = (
				9C6C8C0C21B1CDE300CADE42 /* AppDelegate.swift */,
				9C6C8C0E21B1CDE300CADE42 /* ViewController.swift */,
				9C6C8C1021B1CDE300CADE42 /* Main.storyboard */,
				9C6C8C1321B1CDE300CADE42 /* Assets.xcassets */,
				9C6C8C1521B1CDE300CADE42 /* LaunchScreen.storyboard */,
				9C6C8C1821B1CDE400CADE42 /* Info.plist */,
			);
			path = Uber;
			sourceTree = "<group>";
		};
		9C6C8C2021B1CDE400CADE42 /* UberTests */ = {
			isa = PBXGroup;
			children = (
				9C6C8C2121B1CDE400CADE42 /* UberTests.swift */,
				9C6C8C2321B1CDE400CADE42 /* Info.plist */,
			);
			path = UberTests;
			sourceTree = "<group>";
		};
		9C6C8C2B21B1CDE400CADE42 /* UberUITests */ = {
			isa = PBXGroup;
			children = (
				9C6C8C2C21B1CDE400CADE42 /* UberUITests.swift */,
				9C6C8C2E21B1CDE400CADE42 /* Info.plist */,
			);
			path = UberUITests;
			sourceTree = "<group>";
		};
/* End PBXGroup section */

/* Begin PBXNativeTarget section */
		9C6C8C0821B1CDE300CADE42 /* Uber */ = {
			isa = PBXNativeTarget;
			buildConfigurationList = 9C6C8C3121B1CDE400CADE42 /* Build configuration list for PBXNativeTarget "Uber" */;
			buildPhases = (
				9C6C8C0521B1CDE300CADE42 /* Sources */,
				9C6C8C0621B1CDE300CADE42 /* Frameworks */,
				9C6C8C0721B1CDE300CADE42 /* Resources */,
			);
			buildRules = (
			);
			dependencies = (
			);
			name = Uber;
			productName = Uber;
			productReference = 9C6C8C0921B1CDE300CADE42 /* Uber.app */;
			productType = "com.apple.product-type.application";
		};
		9C6C8C1C21B1CDE400CADE42 /* UberTests */ = {
			isa = PBXNativeTarget;
			buildConfigurationList = 9C6C8C3421B1CDE400CADE42 /* Build configuration list for PBXNativeTarget "UberTests" */;
			buildPhases = (
				9C6C8C1921B1CDE400CADE42 /* Sources */,
				9C6C8C1A21B1CDE400CADE42 /* Frameworks */,
				9C6C8C1B21B1CDE400CADE42 /* Resources */,
			);
			buildRules = (
			);
			dependencies = (
				9C6C8C1F21B1CDE400CADE42 /* PBXTargetDependency */,
			);
			name = UberTests;
			productName = UberTests;
			productReference = 9C6C8C1D21B1CDE400CADE42 /* UberTests.xctest */;
			productType = "com.apple.product-type.bundle.unit-test";
		};
		9C6C8C2721B1CDE400CADE42 /* UberUITests */ = {
			isa = PBXNativeTarget;
			buildConfigurationList = 9C6C8C3721B1CDE400CADE42 /* Build configuration list for PBXNativeTarget "UberUITests" */;
			buildPhases = (
				9C6C8C2421B1CDE400CADE42 /* Sources */,
				9C6C8C2521B1CDE400CADE42 /* Frameworks */,
				9C6C8C2621B1CDE400CADE42 /* Resources */,
			);
			buildRules = (
			);
			dependencies = (
				9C6C8C2A21B1CDE400CADE42 /* PBXTargetDependency */,
			);
			name = UberUITests;
			productName = UberUITests;
			productReference = 9C6C8C2821B1CDE400CADE42 /* UberUITests.xctest */;
			productType = "com.apple.product-type.bundle.ui-testing";
		};
/* End PBXNativeTarget section */

/* Begin PBXProject section */
		9C6C8C0121B1CDE300CADE42 /* Project object */ = {
			isa = PBXProject;
			attributes = {
				LastSwiftUpdateCheck = 0830;
				LastUpgradeCheck = 0830;
				ORGANIZATIONNAME = "Dawit Hunegnaw";
				TargetAttributes = {
					9C6C8C0821B1CDE300CADE42 = {
						CreatedOnToolsVersion = 8.3.2;
						ProvisioningStyle = Automatic;
					};
					9C6C8C1C21B1CDE400CADE42 = {
						CreatedOnToolsVersion = 8.3.2;
						ProvisioningStyle = Automatic;
						TestTargetID = 9C6C8C0821B1CDE300CADE42;
					};
					9C6C8C2721B1CDE400CADE42 = {
						CreatedOnToolsVersion = 8.3.2;
						ProvisioningStyle = Automatic;
						TestTargetID = 9C6C8C0821B1CDE300CADE42;
					};
				};
			};
			buildConfigurationList = 9C6C8C0421B1CDE300CADE42 /* Build configuration list for PBXProject "Uber" */;
			compatibilityVersion = "Xcode 3.2";
			developmentRegion = English;
			hasScannedForEncodings = 0;
			knownRegions = (
				en,
				Base,
			);
			mainGroup = 9C6C8C0021B1CDE300CADE42;
			productRefGroup = 9C6C8C0A21B1CDE300CADE42 /* Products */;
			projectDirPath = "";
			projectRoot = "";
			targets = (
				9C6C8C0821B1CDE300CADE42 /* Uber */,
				9C6C8C1C21B1CDE400CADE42 /* UberTests */,
				9C6C8C2721B1CDE400CADE42 /* UberUITests */,
			);
		};
/* End PBXProject section */

/* Begin PBXResourcesBuildPhase section */
		9C6C8C0721B1CDE300CADE42 /* Resources */ = {
			isa = PBXResourcesBuildPhase;
			buildActionMask = 2147483647;
			files = (
				9C6C8C1721B1CDE300CADE42 /* LaunchScreen.storyboard in Resources */,
				9C6C8C1421B1CDE300CADE42 /* Assets.xcassets in Resources */,
				9C6C8C1221B1CDE300CADE42 /* Main.storyboard in Resources */,
			);
			runOnlyForDeploymentPostprocessing = 0;
		};
		9C6C8C1B21B1CDE400CADE42 /* Resources */ = {
			isa = PBXResourcesBuildPhase;
			buildActionMask = 2147483647;
			files = (
			);
			runOnlyForDeploymentPostprocessing = 0;
		};
		9C6C8C2621B1CDE400CADE42 /* Resources */ = {
			isa = PBXResourcesBuildPhase;
			buildActionMask = 2147483647;
			files = (
			);
			runOnlyForDeploymentPostprocessing = 0;
		};
/* End PBXResourcesBuildPhase section */

/* Begin PBXSourcesBuildPhase section */
		9C6C8C0521B1CDE300CADE42 /* Sources */ = {
			isa = PBXSourcesBuildPhase;
			buildActionMask = 2147483647;
			files = (
				9C6C8C0F21B1CDE300CADE42 /* ViewController.swift in Sources */,
				9C6C8C0D21B1CDE300CADE42 /* AppDelegate.swift in Sources */,
			);
			runOnlyForDeploymentPostprocessing = 0;
		};
		9C6C8C1921B1CDE400CADE42 /* Sources */ = {
			isa = PBXSourcesBuildPhase;
			buildActionMask = 2147483647;
			files = (
				9C6C8C2221B1CDE400CADE42 /* UberTests.swift in Sources */,
			);
			runOnlyForDeploymentPostprocessing = 0;
		};
		9C6C8C2421B1CDE400CADE42 /* Sources */ = {
			isa = PBXSourcesBuildPhase;
			buildActionMask = 2147483647;
			files = (
				9C6C8C2D21B1CDE400CADE42 /* UberUITests.swift in Sources */,
			);
			runOnlyForDeploymentPostprocessing = 0;
		};
/* End PBXSourcesBuildPhase section */

/* Begin PBXTargetDependency section */
		9C6C8C1F21B1CDE400CADE42 /* PBXTargetDependency */ = {
			isa = PBXTargetDependency;
			target = 9C6C8C0821B1CDE300CADE42 /* Uber */;
			targetProxy = 9C6C8C1E21B1CDE400CADE42 /* PBXContainerItemProxy */;
		};
		9C6C8C2A21B1CDE400CADE42 /* PBXTargetDependency */ = {
			isa = PBXTargetDependency;
			target = 9C6C8C0821B1CDE300CADE42 /* Uber */;
			targetProxy = 9C6C8C2921B1CDE400CADE42 /* PBXContainerItemProxy */;
		};
/* End PBXTargetDependency section */

/* Begin PBXVariantGroup section */
		9C6C8C1021B1CDE300CADE42 /* Main.storyboard */ = {
			isa = PBXVariantGroup;
			children = (
				9C6C8C1121B1CDE300CADE42 /* Base */,
			);
			name = Main.storyboard;
			sourceTree = "<group>";
		};
		9C6C8C1521B1CDE300CADE42 /* LaunchScreen.storyboard */ = {
			isa = PBXVariantGroup;
			children = (
				9C6C8C1621B1CDE300CADE42 /* Base */,
			);
			name = LaunchScreen.storyboard;
			sourceTree = "<group>";
		};
/* End PBXVariantGroup section */

/* Begin XCBuildConfiguration section */
		9C6C8C2F21B1CDE400CADE42 /* Debug */ = {
			isa = XCBuildConfiguration;
			buildSettings = {
				ALWAYS_SEARCH_USER_PATHS = NO;
				CLANG_ANALYZER_NONNULL = YES;
				CLANG_ANALYZER_NUMBER_OBJECT_CONVERSION = YES_AGGRESSIVE;
				CLANG_CXX_LANGUAGE_STANDARD = "gnu++0x";
				CLANG_CXX_LIBRARY = "libc++";
				CLANG_ENABLE_MODULES = YES;
				CLANG_ENABLE_OBJC_ARC = YES;
				CLANG_WARN_BOOL_CONVERSION = YES;
				CLANG_WARN_CONSTANT_CONVERSION = YES;
				CLANG_WARN_DIRECT_OBJC_ISA_USAGE = YES_ERROR;
				CLANG_WARN_DOCUMENTATION_COMMENTS = YES;
				CLANG_WARN_EMPTY_BODY = YES;
				CLANG_WARN_ENUM_CONVERSION = YES;
				CLANG_WARN_INFINITE_RECURSION = YES;
				CLANG_WARN_INT_CONVERSION = YES;
				CLANG_WARN_OBJC_ROOT_CLASS = YES_ERROR;
				CLANG_WARN_SUSPICIOUS_MOVE = YES;
				CLANG_WARN_UNREACHABLE_CODE = YES;
				CLANG_WARN__DUPLICATE_METHOD_MATCH = YES;
				"CODE_SIGN_IDENTITY[sdk=iphoneos*]" = "iPhone Developer";
				COPY_PHASE_STRIP = NO;
				DEBUG_INFORMATION_FORMAT = dwarf;
				ENABLE_STRICT_OBJC_MSGSEND = YES;
				ENABLE_TESTABILITY = YES;
				GCC_C_LANGUAGE_STANDARD = gnu99;
				GCC_DYNAMIC_NO_PIC = NO;
				GCC_NO_COMMON_BLOCKS = YES;
				GCC_OPTIMIZATION_LEVEL = 0;
				GCC_PREPROCESSOR_DEFINITIONS = (
					"DEBUG=1",
					"$(inherited)",
				);
				GCC_WARN_64_TO_32_BIT_CONVERSION = YES;
				GCC_WARN_ABOUT_RETURN_TYPE = YES_ERROR;
				GCC_WARN_UNDECLARED_SELECTOR = YES;
				GCC_WARN_UNINITIALIZED_AUTOS = YES_AGGRESSIVE;
				GCC_WARN_UNUSED_FUNCTION = YES;
				GCC_WARN_UNUSED_VARIABLE = YES;
				IPHONEOS_DEPLOYMENT_TARGET = 10.3;
				MTL_ENABLE_DEBUG_INFO = YES;
				ONLY_ACTIVE_ARCH = YES;
				SDKROOT = iphoneos;
				SWIFT_ACTIVE_COMPILATION_CONDITIONS = DEBUG;
				SWIFT_OPTIMIZATION_LEVEL = "-Onone";
				TARGETED_DEVICE_FAMILY = "1,2";
			};
			name = Debug;
		};
		9C6C8C3021B1CDE400CADE42 /* Release */ = {
			isa = XCBuildConfiguration;
			buildSettings = {
				ALWAYS_SEARCH_USER_PATHS = NO;
				CLANG_ANALYZER_NONNULL = YES;
				CLANG_ANALYZER_NUMBER_OBJECT_CONVERSION = YES_AGGRESSIVE;
				CLANG_CXX_LANGUAGE_STANDARD = "gnu++0x";
				CLANG_CXX_LIBRARY = "libc++";
				CLANG_ENABLE_MODULES = YES;
				CLANG_ENABLE_OBJC_ARC = YES;
				CLANG_WARN_BOOL_CONVERSION = YES;
				CLANG_WARN_CONSTANT_CONVERSION = YES;
				CLANG_WARN_DIRECT_OBJC_ISA_USAGE = YES_ERROR;
				CLANG_WARN_DOCUMENTATION_COMMENTS = YES;
				CLANG_WARN_EMPTY_BODY = YES;
				CLANG_WARN_ENUM_CONVERSION = YES;
				CLANG_WARN_INFINITE_RECURSION = YES;
				CLANG_WARN_INT_CONVERSION = YES;
				CLANG_WARN_OBJC_ROOT_CLASS = YES_ERROR;
				CLANG_WARN_SUSPICIOUS_MOVE = YES;
				CLANG_WARN_UNREACHABLE_CODE = YES;
				CLANG_WARN__DUPLICATE_METHOD_MATCH = YES;
				"CODE_SIGN_IDENTITY[sdk=iphoneos*]" = "iPhone Developer";
				COPY_PHASE_STRIP = NO;
				DEBUG_INFORMATION_FORMAT = "dwarf-with-dsym";
				ENABLE_NS_ASSERTIONS = NO;
				ENABLE_STRICT_OBJC_MSGSEND = YES;
				GCC_C_LANGUAGE_STANDARD = gnu99;
				GCC_NO_COMMON_BLOCKS = YES;
				GCC_WARN_64_TO_32_BIT_CONVERSION = YES;
				GCC_WARN_ABOUT_RETURN_TYPE = YES_ERROR;
				GCC_WARN_UNDECLARED_SELECTOR = YES;
				GCC_WARN_UNINITIALIZED_AUTOS = YES_AGGRESSIVE;
				GCC_WARN_UNUSED_FUNCTION = YES;
				GCC_WARN_UNUSED_VARIABLE = YES;
				IPHONEOS_DEPLOYMENT_TARGET = 10.3;
				MTL_ENABLE_DEBUG_INFO = NO;
				SDKROOT = iphoneos;
				SWIFT_OPTIMIZATION_LEVEL = "-Owholemodule";
				TARGETED_DEVICE_FAMILY = "1,2";
				VALIDATE_PRODUCT = YES;
			};
			name = Release;
		};
		9C6C8C3221B1CDE400CADE42 /* Debug */ = {
			isa = XCBuildConfiguration;
			buildSettings = {
				ASSETCATALOG_COMPILER_APPICON_NAME = AppIcon;
				INFOPLIST_FILE = Uber/Info.plist;
				LD_RUNPATH_SEARCH_PATHS = "$(inherited) @executable_path/Frameworks";
				PRODUCT_BUNDLE_IDENTIFIER = com.uber.Uber;
				PRODUCT_NAME = "$(TARGET_NAME)";
				SWIFT_VERSION = 3.0;
			};
			name = Debug;
		};
		9C6C8C3321B1CDE400CADE42 /* Release */ = {
			isa = XCBuildConfiguration;
			buildSettings = {
				ASSETCATALOG_COMPILER_APPICON_NAME = AppIcon;
				INFOPLIST_FILE = Uber/Info.plist;
				LD_RUNPATH_SEARCH_PATHS = "$(inherited) @executable_path/Frameworks";
				PRODUCT_BUNDLE_IDENTIFIER = com.uber.Uber;
				PRODUCT_NAME = "$(TARGET_NAME)";
				SWIFT_VERSION = 3.0;
			};
			name = Release;
		};
		9C6C8C3521B1CDE400CADE42 /* Debug */ = {
			isa = XCBuildConfiguration;
			buildSettings = {
				ALWAYS_EMBED_SWIFT_STANDARD_LIBRARIES = YES;
				BUNDLE_LOADER = "$(TEST_HOST)";
				INFOPLIST_FILE = UberTests/Info.plist;
				LD_RUNPATH_SEARCH_PATHS = "$(inherited) @executable_path/Frameworks @loader_path/Frameworks";
				PRODUCT_BUNDLE_IDENTIFIER = com.uber.UberTests;
				PRODUCT_NAME = "$(TARGET_NAME)";
				SWIFT_VERSION = 3.0;
				TEST_HOST = "$(BUILT_PRODUCTS_DIR)/Uber.app/Uber";
			};
			name = Debug;
		};
		9C6C8C3621B1CDE400CADE42 /* Release */ = {
			isa = XCBuildConfiguration;
			buildSettings = {
				ALWAYS_EMBED_SWIFT_STANDARD_LIBRARIES = YES;
				BUNDLE_LOADER = "$(TEST_HOST)";
				INFOPLIST_FILE = UberTests/Info.plist;
				LD_RUNPATH_SEARCH_PATHS = "$(inherited) @executable_path/Frameworks @loader_path/Frameworks";
				PRODUCT_BUNDLE_IDENTIFIER = com.uber.UberTests;
				PRODUCT_NAME = "$(TARGET_NAME)";
				SWIFT_VERSION = 3.0;
				TEST_HOST = "$(BUILT_PRODUCTS_DIR)/Uber.app/Uber";
			};
			name = Release;
		};
		9C6C8C3821B1CDE400CADE42 /* Debug */ = {
			isa = XCBuildConfiguration;
			buildSettings = {
				ALWAYS_EMBED_SWIFT_STANDARD_LIBRARIES = YES;
				INFOPLIST_FILE = UberUITests/Info.plist;
				LD_RUNPATH_SEARCH_PATHS = "$(inherited) @executable_path/Frameworks @loader_path/Frameworks";
				PRODUCT_BUNDLE_IDENTIFIER = com.uber.UberUITests;
				PRODUCT_NAME = "$(TARGET_NAME)";
				SWIFT_VERSION = 3.0;
				TEST_TARGET_NAME = Uber;
			};
			name = Debug;
		};
		9C6C8C3921B1CDE400CADE42 /* Release */ = {
			isa = XCBuildConfiguration;
			buildSettings = {
				ALWAYS_EMBED_SWIFT_STANDARD_LIBRARIES = YES;
				INFOPLIST_FILE = UberUITests/Info.plist;
				LD_RUNPATH_SEARCH_PATHS = "$(inherited) @executable_path/Frameworks @loader_path/Frameworks";
				PRODUCT_BUNDLE_IDENTIFIER = com.uber.UberUITests;
				PRODUCT_NAME = "$(TARGET_NAME)";
				SWIFT_VERSION = 3.0;
				TEST_TARGET_NAME = Uber;
			};
			name = Release;
		};
/* End XCBuildConfiguration section */

/* Begin XCConfigurationList section */
		9C6C8C0421B1CDE300CADE42 /* Build configuration list for PBXProject "Uber" */ = {
			isa = XCConfigurationList;
			buildConfigurations = (
				9C6C8C2F21B1CDE400CADE42 /* Debug */,
				9C6C8C3021B1CDE400CADE42 /* Release */,
			);
			defaultConfigurationIsVisible = 0;
			defaultConfigurationName = Release;
		};
		9C6C8C3121B1CDE400CADE42 /* Build configuration list for PBXNativeTarget "Uber" */ = {
			isa = XCConfigurationList;
			buildConfigurations = (
				9C6C8C3221B1CDE400CADE42 /* Debug */,
				9C6C8C3321B1CDE400CADE42 /* Release */,
			);
			defaultConfigurationIsVisible = 0;
		};
		9C6C8C3421B1CDE400CADE42 /* Build configuration list for PBXNativeTarget "UberTests" */ = {
			isa = XCConfigurationList;
			buildConfigurations = (
				9C6C8C3521B1CDE400CADE42 /* Debug */,
				9C6C8C3621B1CDE400CADE42 /* Release */,
			);
			defaultConfigurationIsVisible = 0;
		};
		9C6C8C3721B1CDE400CADE42 /* Build configuration list for PBXNativeTarget "UberUITests" */ = {
			isa = XCConfigurationList;
			buildConfigurations = (
				9C6C8C3821B1CDE400CADE42 /* Debug */,
				9C6C8C3921B1CDE400CADE42 /* Release */,
			);
			defaultConfigurationIsVisible = 0;
		};
/* End XCConfigurationList section */
	};
	rootObject = 9C6C8C0121B1CDE300CADE42 /* Project object */;
}
